
Microsoft Visual Studio Solution File, Format Version 12.00
# Visual Studio Version 16
VisualStudioVersion = 16.0.29209.62
MinimumVisualStudioVersion = 10.0.40219.1
Project("{9A19103F-16F7-4668-BE54-9A1E7A4F7556}") = "Boomerang.WebService", "Boomerang.WebService\Boomerang.WebService.csproj", "{0D0A393D-69D6-4EEB-8359-80813ECA64A4}"
EndProject
Project("{2150E333-8FDC-42A3-9474-1A3956D46DE8}") = "Server", "Server", "{FD7AB646-6EA1-454C-B63C-E17A1480888B}"
EndProject
Project("{FAE04EC0-301F-11D3-BF4B-00C04F79EFBC}") = "Boomerang.Models", "Boomerang.Models\Boomerang.Models.csproj", "{67CB8131-A1ED-45DB-BE3F-0FA198805E73}"
EndProject
Project("{FAE04EC0-301F-11D3-BF4B-00C04F79EFBC}") = "Boomerang.Services", "Boomerang.Services\Boomerang.Services.csproj", "{EFE27C5C-EFD8-47AC-AF7D-E5B4079669F4}"
EndProject
Project("{FAE04EC0-301F-11D3-BF4B-00C04F79EFBC}") = "Boomerang.Contracts", "Boomerang.Contracts\Boomerang.Contracts.csproj", "{98895987-F3CA-40A8-8441-9D8F832743A4}"
EndProject
Project("{FAE04EC0-301F-11D3-BF4B-00C04F79EFBC}") = "Boomerang.Context", "Boomerang.Context\Boomerang.Context.csproj", "{C664B56E-D5F1-451D-BAC8-29B865202774}"
EndProject
Project("{FAE04EC0-301F-11D3-BF4B-00C04F79EFBC}") = "Boomerang.Configurations", "Boomerang.Configurations\Boomerang.Configurations.csproj", "{4A07CE71-E1AD-49A0-8733-C24D12048F56}"
EndProject
Global
	GlobalSection(SolutionConfigurationPlatforms) = preSolution
		Debug|Any CPU = Debug|Any CPU
		Release|Any CPU = Release|Any CPU
	EndGlobalSection
	GlobalSection(ProjectConfigurationPlatforms) = postSolution
		{0D0A393D-69D6-4EEB-8359-80813ECA64A4}.Debug|Any CPU.ActiveCfg = Debug|Any CPU
		{0D0A393D-69D6-4EEB-8359-80813ECA64A4}.Debug|Any CPU.Build.0 = Debug|Any CPU
		{0D0A393D-69D6-4EEB-8359-80813ECA64A4}.Release|Any CPU.ActiveCfg = Release|Any CPU
		{0D0A393D-69D6-4EEB-8359-80813ECA64A4}.Release|Any CPU.Build.0 = Release|Any CPU
		{67CB8131-A1ED-45DB-BE3F-0FA198805E73}.Debug|Any CPU.ActiveCfg = Debug|Any CPU
		{67CB8131-A1ED-45DB-BE3F-0FA198805E73}.Debug|Any CPU.Build.0 = Debug|Any CPU
		{67CB8131-A1ED-45DB-BE3F-0FA198805E73}.Release|Any CPU.ActiveCfg = Release|Any CPU
		{67CB8131-A1ED-45DB-BE3F-0FA198805E73}.Release|Any CPU.Build.0 = Release|Any CPU
		{EFE27C5C-EFD8-47AC-AF7D-E5B4079669F4}.Debug|Any CPU.ActiveCfg = Debug|Any CPU
		{EFE27C5C-EFD8-47AC-AF7D-E5B4079669F4}.Debug|Any CPU.Build.0 = Debug|Any CPU
		{EFE27C5C-EFD8-47AC-AF7D-E5B4079669F4}.Release|Any CPU.ActiveCfg = Release|Any CPU
		{EFE27C5C-EFD8-47AC-AF7D-E5B4079669F4}.Release|Any CPU.Build.0 = Release|Any CPU
		{98895987-F3CA-40A8-8441-9D8F832743A4}.Debug|Any CPU.ActiveCfg = Debug|Any CPU
		{98895987-F3CA-40A8-8441-9D8F832743A4}.Debug|Any CPU.Build.0 = Debug|Any CPU
		{98895987-F3CA-40A8-8441-9D8F832743A4}.Release|Any CPU.ActiveCfg = Release|Any CPU
		{98895987-F3CA-40A8-8441-9D8F832743A4}.Release|Any CPU.Build.0 = Release|Any CPU
		{C664B56E-D5F1-451D-BAC8-29B865202774}.Debug|Any CPU.ActiveCfg = Debug|Any CPU
		{C664B56E-D5F1-451D-BAC8-29B865202774}.Debug|Any CPU.Build.0 = Debug|Any CPU
		{C664B56E-D5F1-451D-BAC8-29B865202774}.Release|Any CPU.ActiveCfg = Release|Any CPU
		{C664B56E-D5F1-451D-BAC8-29B865202774}.Release|Any CPU.Build.0 = Release|Any CPU
		{4A07CE71-E1AD-49A0-8733-C24D12048F56}.Debug|Any CPU.ActiveCfg = Debug|Any CPU
		{4A07CE71-E1AD-49A0-8733-C24D12048F56}.Debug|Any CPU.Build.0 = Debug|Any CPU
		{4A07CE71-E1AD-49A0-8733-C24D12048F56}.Release|Any CPU.ActiveCfg = Release|Any CPU
		{4A07CE71-E1AD-49A0-8733-C24D12048F56}.Release|Any CPU.Build.0 = Release|Any CPU
	EndGlobalSection
	GlobalSection(SolutionProperties) = preSolution
		HideSolutionNode = FALSE
	EndGlobalSection
	GlobalSection(NestedProjects) = preSolution
		{67CB8131-A1ED-45DB-BE3F-0FA198805E73} = {FD7AB646-6EA1-454C-B63C-E17A1480888B}
		{EFE27C5C-EFD8-47AC-AF7D-E5B4079669F4} = {FD7AB646-6EA1-454C-B63C-E17A1480888B}
		{98895987-F3CA-40A8-8441-9D8F832743A4} = {FD7AB646-6EA1-454C-B63C-E17A1480888B}
		{C664B56E-D5F1-451D-BAC8-29B865202774} = {FD7AB646-6EA1-454C-B63C-E17A1480888B}
		{4A07CE71-E1AD-49A0-8733-C24D12048F56} = {FD7AB646-6EA1-454C-B63C-E17A1480888B}
	EndGlobalSection
	GlobalSection(ExtensibilityGlobals) = postSolution
		SolutionGuid = {CE194B5D-26F8-4A60-9A42-9E2A8AD02644}
	EndGlobalSection
EndGlobal
